// !$*UTF8*$!
{
	archiveVersion = 1;
	classes = {
	};
	objectVersion = 56;
	objects = {

/* Begin PBXBuildFile section */
		C2571D06296C9580001BC130 /* UpGoodApp.swift in Sources */ = {isa = PBXBuildFile; fileRef = C2571D05296C9580001BC130 /* UpGoodApp.swift */; };
		C2571D0A296C9580001BC130 /* Assets.xcassets in Resources */ = {isa = PBXBuildFile; fileRef = C2571D09296C9580001BC130 /* Assets.xcassets */; };
		C2571D0D296C9580001BC130 /* Preview Assets.xcassets in Resources */ = {isa = PBXBuildFile; fileRef = C2571D0C296C9580001BC130 /* Preview Assets.xcassets */; };
		C2571D29296C9604001BC130 /* FileUploader.swift in Sources */ = {isa = PBXBuildFile; fileRef = C2571D15296C95E2001BC130 /* FileUploader.swift */; };
		C2571D2B296C9604001BC130 /* NSOpenPanel+Extensions.swift in Sources */ = {isa = PBXBuildFile; fileRef = C2571D19296C95E2001BC130 /* NSOpenPanel+Extensions.swift */; };
		C2571D2C296C9604001BC130 /* View+Extension.swift in Sources */ = {isa = PBXBuildFile; fileRef = C2571D1A296C95E2001BC130 /* View+Extension.swift */; };
		C2571D2D296C9604001BC130 /* Constants.swift in Sources */ = {isa = PBXBuildFile; fileRef = C2571D1C296C95E2001BC130 /* Constants.swift */; };
		C2571D2E296C9604001BC130 /* UpGoodViewModel.swift in Sources */ = {isa = PBXBuildFile; fileRef = C2571D28296C95E2001BC130 /* UpGoodViewModel.swift */; };
		C2571D2F296C9604001BC130 /* SettingsView.swift in Sources */ = {isa = PBXBuildFile; fileRef = C2571D1E296C95E2001BC130 /* SettingsView.swift */; };
		C2571D30296C9604001BC130 /* TitleView.swift in Sources */ = {isa = PBXBuildFile; fileRef = C2571D20296C95E2001BC130 /* TitleView.swift */; };
		C2571D31296C9604001BC130 /* SelectFolderButton.swift in Sources */ = {isa = PBXBuildFile; fileRef = C2571D22296C95E2001BC130 /* SelectFolderButton.swift */; };
		C2571D33296C9604001BC130 /* InputView.swift in Sources */ = {isa = PBXBuildFile; fileRef = C2571D24296C95E2001BC130 /* InputView.swift */; };
		C2571D34296C9604001BC130 /* UploadView.swift in Sources */ = {isa = PBXBuildFile; fileRef = C2571D25296C95E2001BC130 /* UploadView.swift */; };
		C2571D35296C9604001BC130 /* MainView.swift in Sources */ = {isa = PBXBuildFile; fileRef = C2571D26296C95E2001BC130 /* MainView.swift */; };
		C2571D3C296CA5C2001BC130 /* NetworkManager.swift in Sources */ = {isa = PBXBuildFile; fileRef = C2571D3B296CA5C2001BC130 /* NetworkManager.swift */; };
		C2C68767296DF4AF00FDA1D3 /* CustomLongButton.swift in Sources */ = {isa = PBXBuildFile; fileRef = C2C68766296DF4AF00FDA1D3 /* CustomLongButton.swift */; };
/* End PBXBuildFile section */

/* Begin PBXFileReference section */
		C2571D02296C9580001BC130 /* UpGood.app */ = {isa = PBXFileReference; explicitFileType = wrapper.application; includeInIndex = 0; path = UpGood.app; sourceTree = BUILT_PRODUCTS_DIR; };
		C2571D05296C9580001BC130 /* UpGoodApp.swift */ = {isa = PBXFileReference; lastKnownFileType = sourcecode.swift; path = UpGoodApp.swift; sourceTree = "<group>"; };
		C2571D09296C9580001BC130 /* Assets.xcassets */ = {isa = PBXFileReference; lastKnownFileType = folder.assetcatalog; path = Assets.xcassets; sourceTree = "<group>"; };
		C2571D0C296C9580001BC130 /* Preview Assets.xcassets */ = {isa = PBXFileReference; lastKnownFileType = folder.assetcatalog; path = "Preview Assets.xcassets"; sourceTree = "<group>"; };
		C2571D0E296C9580001BC130 /* UpGood.entitlements */ = {isa = PBXFileReference; lastKnownFileType = text.plist.entitlements; path = UpGood.entitlements; sourceTree = "<group>"; };
		C2571D15296C95E2001BC130 /* FileUploader.swift */ = {isa = PBXFileReference; lastKnownFileType = sourcecode.swift; path = FileUploader.swift; sourceTree = "<group>"; };
		C2571D19296C95E2001BC130 /* NSOpenPanel+Extensions.swift */ = {isa = PBXFileReference; lastKnownFileType = sourcecode.swift; path = "NSOpenPanel+Extensions.swift"; sourceTree = "<group>"; };
		C2571D1A296C95E2001BC130 /* View+Extension.swift */ = {isa = PBXFileReference; lastKnownFileType = sourcecode.swift; path = "View+Extension.swift"; sourceTree = "<group>"; };
		C2571D1C296C95E2001BC130 /* Constants.swift */ = {isa = PBXFileReference; lastKnownFileType = sourcecode.swift; path = Constants.swift; sourceTree = "<group>"; };
		C2571D1E296C95E2001BC130 /* SettingsView.swift */ = {isa = PBXFileReference; lastKnownFileType = sourcecode.swift; path = SettingsView.swift; sourceTree = "<group>"; };
		C2571D20296C95E2001BC130 /* TitleView.swift */ = {isa = PBXFileReference; lastKnownFileType = sourcecode.swift; path = TitleView.swift; sourceTree = "<group>"; };
		C2571D22296C95E2001BC130 /* SelectFolderButton.swift */ = {isa = PBXFileReference; lastKnownFileType = sourcecode.swift; path = SelectFolderButton.swift; sourceTree = "<group>"; };
		C2571D24296C95E2001BC130 /* InputView.swift */ = {isa = PBXFileReference; lastKnownFileType = sourcecode.swift; path = InputView.swift; sourceTree = "<group>"; };
		C2571D25296C95E2001BC130 /* UploadView.swift */ = {isa = PBXFileReference; lastKnownFileType = sourcecode.swift; path = UploadView.swift; sourceTree = "<group>"; };
		C2571D26296C95E2001BC130 /* MainView.swift */ = {isa = PBXFileReference; lastKnownFileType = sourcecode.swift; path = MainView.swift; sourceTree = "<group>"; };
		C2571D28296C95E2001BC130 /* UpGoodViewModel.swift */ = {isa = PBXFileReference; lastKnownFileType = sourcecode.swift; path = UpGoodViewModel.swift; sourceTree = "<group>"; };
		C2571D3B296CA5C2001BC130 /* NetworkManager.swift */ = {isa = PBXFileReference; lastKnownFileType = sourcecode.swift; path = NetworkManager.swift; sourceTree = "<group>"; };
		C2C68766296DF4AF00FDA1D3 /* CustomLongButton.swift */ = {isa = PBXFileReference; lastKnownFileType = sourcecode.swift; path = CustomLongButton.swift; sourceTree = "<group>"; };
/* End PBXFileReference section */

/* Begin PBXFrameworksBuildPhase section */
		C2571CFF296C9580001BC130 /* Frameworks */ = {
			isa = PBXFrameworksBuildPhase;
			buildActionMask = 2147483647;
			files = (
			);
			runOnlyForDeploymentPostprocessing = 0;
		};
/* End PBXFrameworksBuildPhase section */

/* Begin PBXGroup section */
		C2571CF9296C9580001BC130 = {
			isa = PBXGroup;
			children = (
				C2571D04296C9580001BC130 /* UpGood */,
				C2571D03296C9580001BC130 /* Products */,
			);
			sourceTree = "<group>";
		};
		C2571D03296C9580001BC130 /* Products */ = {
			isa = PBXGroup;
			children = (
				C2571D02296C9580001BC130 /* UpGood.app */,
			);
			name = Products;
			sourceTree = "<group>";
		};
		C2571D04296C9580001BC130 /* UpGood */ = {
			isa = PBXGroup;
			children = (
				C2571D05296C9580001BC130 /* UpGoodApp.swift */,
				C2571D1D296C95E2001BC130 /* Views */,
				C2571D27296C95E2001BC130 /* ViewModels */,
				C2571D3A296CA5B6001BC130 /* API */,
				C2571D1B296C95E2001BC130 /* Models */,
				C2571D18296C95E2001BC130 /* Extensions */,
				C2571D09296C9580001BC130 /* Assets.xcassets */,
				C2571D0E296C9580001BC130 /* UpGood.entitlements */,
				C2571D0B296C9580001BC130 /* Preview Content */,
			);
			path = UpGood;
			sourceTree = "<group>";
		};
		C2571D0B296C9580001BC130 /* Preview Content */ = {
			isa = PBXGroup;
			children = (
				C2571D0C296C9580001BC130 /* Preview Assets.xcassets */,
			);
			path = "Preview Content";
			sourceTree = "<group>";
		};
		C2571D18296C95E2001BC130 /* Extensions */ = {
			isa = PBXGroup;
			children = (
				C2571D19296C95E2001BC130 /* NSOpenPanel+Extensions.swift */,
				C2571D1A296C95E2001BC130 /* View+Extension.swift */,
			);
			path = Extensions;
			sourceTree = "<group>";
		};
		C2571D1B296C95E2001BC130 /* Models */ = {
			isa = PBXGroup;
			children = (
				C2571D1C296C95E2001BC130 /* Constants.swift */,
			);
			path = Models;
			sourceTree = "<group>";
		};
		C2571D1D296C95E2001BC130 /* Views */ = {
			isa = PBXGroup;
			children = (
				C2571D26296C95E2001BC130 /* MainView.swift */,
				C2571D25296C95E2001BC130 /* UploadView.swift */,
				C2571D1F296C95E2001BC130 /* SubViews */,
				C2571D1E296C95E2001BC130 /* SettingsView.swift */,
			);
			path = Views;
			sourceTree = "<group>";
		};
		C2571D1F296C95E2001BC130 /* SubViews */ = {
			isa = PBXGroup;
			children = (
				C2571D20296C95E2001BC130 /* TitleView.swift */,
				C2571D24296C95E2001BC130 /* InputView.swift */,
				C2571D22296C95E2001BC130 /* SelectFolderButton.swift */,
				C2C68766296DF4AF00FDA1D3 /* CustomLongButton.swift */,
			);
			path = SubViews;
			sourceTree = "<group>";
		};
		C2571D27296C95E2001BC130 /* ViewModels */ = {
			isa = PBXGroup;
			children = (
				C2571D28296C95E2001BC130 /* UpGoodViewModel.swift */,
				C2571D15296C95E2001BC130 /* FileUploader.swift */,
			);
			path = ViewModels;
			sourceTree = "<group>";
		};
		C2571D3A296CA5B6001BC130 /* API */ = {
			isa = PBXGroup;
			children = (
				C2571D3B296CA5C2001BC130 /* NetworkManager.swift */,
			);
			path = API;
			sourceTree = "<group>";
		};
/* End PBXGroup section */

/* Begin PBXNativeTarget section */
		C2571D01296C9580001BC130 /* UpGood */ = {
			isa = PBXNativeTarget;
			buildConfigurationList = C2571D11296C9580001BC130 /* Build configuration list for PBXNativeTarget "UpGood" */;
			buildPhases = (
				C2571CFE296C9580001BC130 /* Sources */,
				C2571CFF296C9580001BC130 /* Frameworks */,
				C2571D00296C9580001BC130 /* Resources */,
			);
			buildRules = (
			);
			dependencies = (
			);
			name = UpGood;
			productName = UpGood;
			productReference = C2571D02296C9580001BC130 /* UpGood.app */;
			productType = "com.apple.product-type.application";
		};
/* End PBXNativeTarget section */

/* Begin PBXProject section */
		C2571CFA296C9580001BC130 /* Project object */ = {
			isa = PBXProject;
			attributes = {
				BuildIndependentTargetsInParallel = 1;
				LastSwiftUpdateCheck = 1420;
				LastUpgradeCheck = 1420;
				TargetAttributes = {
					C2571D01296C9580001BC130 = {
						CreatedOnToolsVersion = 14.2;
					};
				};
			};
			buildConfigurationList = C2571CFD296C9580001BC130 /* Build configuration list for PBXProject "UpGood" */;
			compatibilityVersion = "Xcode 14.0";
			developmentRegion = en;
			hasScannedForEncodings = 0;
			knownRegions = (
				en,
				Base,
			);
			mainGroup = C2571CF9296C9580001BC130;
			productRefGroup = C2571D03296C9580001BC130 /* Products */;
			projectDirPath = "";
			projectRoot = "";
			targets = (
				C2571D01296C9580001BC130 /* UpGood */,
			);
		};
/* End PBXProject section */

/* Begin PBXResourcesBuildPhase section */
		C2571D00296C9580001BC130 /* Resources */ = {
			isa = PBXResourcesBuildPhase;
			buildActionMask = 2147483647;
			files = (
				C2571D0D296C9580001BC130 /* Preview Assets.xcassets in Resources */,
				C2571D0A296C9580001BC130 /* Assets.xcassets in Resources */,
			);
			runOnlyForDeploymentPostprocessing = 0;
		};
/* End PBXResourcesBuildPhase section */

/* Begin PBXSourcesBuildPhase section */
		C2571CFE296C9580001BC130 /* Sources */ = {
			isa = PBXSourcesBuildPhase;
			buildActionMask = 2147483647;
			files = (
				C2571D29296C9604001BC130 /* FileUploader.swift in Sources */,
				C2571D2B296C9604001BC130 /* NSOpenPanel+Extensions.swift in Sources */,
				C2571D2C296C9604001BC130 /* View+Extension.swift in Sources */,
				C2571D2D296C9604001BC130 /* Constants.swift in Sources */,
				C2571D2E296C9604001BC130 /* UpGoodViewModel.swift in Sources */,
				C2571D2F296C9604001BC130 /* SettingsView.swift in Sources */,
				C2571D30296C9604001BC130 /* TitleView.swift in Sources */,
				C2571D31296C9604001BC130 /* SelectFolderButton.swift in Sources */,
				C2571D33296C9604001BC130 /* InputView.swift in Sources */,
				C2571D3C296CA5C2001BC130 /* NetworkManager.swift in Sources */,
				C2C68767296DF4AF00FDA1D3 /* CustomLongButton.swift in Sources */,
				C2571D34296C9604001BC130 /* UploadView.swift in Sources */,
				C2571D35296C9604001BC130 /* MainView.swift in Sources */,
				C2571D06296C9580001BC130 /* UpGoodApp.swift in Sources */,
			);
			runOnlyForDeploymentPostprocessing = 0;
		};
/* End PBXSourcesBuildPhase section */

/* Begin XCBuildConfiguration section */
		C2571D0F296C9580001BC130 /* Debug */ = {
			isa = XCBuildConfiguration;
			buildSettings = {
				ALWAYS_SEARCH_USER_PATHS = NO;
				CLANG_ANALYZER_NONNULL = YES;
				CLANG_ANALYZER_NUMBER_OBJECT_CONVERSION = YES_AGGRESSIVE;
				CLANG_CXX_LANGUAGE_STANDARD = "gnu++20";
				CLANG_ENABLE_MODULES = YES;
				CLANG_ENABLE_OBJC_ARC = YES;
				CLANG_ENABLE_OBJC_WEAK = YES;
				CLANG_WARN_BLOCK_CAPTURE_AUTORELEASING = YES;
				CLANG_WARN_BOOL_CONVERSION = YES;
				CLANG_WARN_COMMA = YES;
				CLANG_WARN_CONSTANT_CONVERSION = YES;
				CLANG_WARN_DEPRECATED_OBJC_IMPLEMENTATIONS = YES;
				CLANG_WARN_DIRECT_OBJC_ISA_USAGE = YES_ERROR;
				CLANG_WARN_DOCUMENTATION_COMMENTS = YES;
				CLANG_WARN_EMPTY_BODY = YES;
				CLANG_WARN_ENUM_CONVERSION = YES;
				CLANG_WARN_INFINITE_RECURSION = YES;
				CLANG_WARN_INT_CONVERSION = YES;
				CLANG_WARN_NON_LITERAL_NULL_CONVERSION = YES;
				CLANG_WARN_OBJC_IMPLICIT_RETAIN_SELF = YES;
				CLANG_WARN_OBJC_LITERAL_CONVERSION = YES;
				CLANG_WARN_OBJC_ROOT_CLASS = YES_ERROR;
				CLANG_WARN_QUOTED_INCLUDE_IN_FRAMEWORK_HEADER = YES;
				CLANG_WARN_RANGE_LOOP_ANALYSIS = YES;
				CLANG_WARN_STRICT_PROTOTYPES = YES;
				CLANG_WARN_SUSPICIOUS_MOVE = YES;
				CLANG_WARN_UNGUARDED_AVAILABILITY = YES_AGGRESSIVE;
				CLANG_WARN_UNREACHABLE_CODE = YES;
				CLANG_WARN__DUPLICATE_METHOD_MATCH = YES;
				COPY_PHASE_STRIP = NO;
				DEBUG_INFORMATION_FORMAT = dwarf;
				ENABLE_STRICT_OBJC_MSGSEND = YES;
				ENABLE_TESTABILITY = YES;
				GCC_C_LANGUAGE_STANDARD = gnu11;
				GCC_DYNAMIC_NO_PIC = NO;
				GCC_NO_COMMON_BLOCKS = YES;
				GCC_OPTIMIZATION_LEVEL = 0;
				GCC_PREPROCESSOR_DEFINITIONS = (
					"DEBUG=1",
					"$(inherited)",
				);
				GCC_WARN_64_TO_32_BIT_CONVERSION = YES;
				GCC_WARN_ABOUT_RETURN_TYPE = YES_ERROR;
				GCC_WARN_UNDECLARED_SELECTOR = YES;
				GCC_WARN_UNINITIALIZED_AUTOS = YES_AGGRESSIVE;
				GCC_WARN_UNUSED_FUNCTION = YES;
				GCC_WARN_UNUSED_VARIABLE = YES;
				MACOSX_DEPLOYMENT_TARGET = 13.1;
				MTL_ENABLE_DEBUG_INFO = INCLUDE_SOURCE;
				MTL_FAST_MATH = YES;
				ONLY_ACTIVE_ARCH = YES;
				SDKROOT = macosx;
				SWIFT_ACTIVE_COMPILATION_CONDITIONS = DEBUG;
				SWIFT_OPTIMIZATION_LEVEL = "-Onone";
			};
			name = Debug;
		};
		C2571D10296C9580001BC130 /* Release */ = {
			isa = XCBuildConfiguration;
			buildSettings = {
				ALWAYS_SEARCH_USER_PATHS = NO;
				CLANG_ANALYZER_NONNULL = YES;
				CLANG_ANALYZER_NUMBER_OBJECT_CONVERSION = YES_AGGRESSIVE;
				CLANG_CXX_LANGUAGE_STANDARD = "gnu++20";
				CLANG_ENABLE_MODULES = YES;
				CLANG_ENABLE_OBJC_ARC = YES;
				CLANG_ENABLE_OBJC_WEAK = YES;
				CLANG_WARN_BLOCK_CAPTURE_AUTORELEASING = YES;
				CLANG_WARN_BOOL_CONVERSION = YES;
				CLANG_WARN_COMMA = YES;
				CLANG_WARN_CONSTANT_CONVERSION = YES;
				CLANG_WARN_DEPRECATED_OBJC_IMPLEMENTATIONS = YES;
				CLANG_WARN_DIRECT_OBJC_ISA_USAGE = YES_ERROR;
				CLANG_WARN_DOCUMENTATION_COMMENTS = YES;
				CLANG_WARN_EMPTY_BODY = YES;
				CLANG_WARN_ENUM_CONVERSION = YES;
				CLANG_WARN_INFINITE_RECURSION = YES;
				CLANG_WARN_INT_CONVERSION = YES;
				CLANG_WARN_NON_LITERAL_NULL_CONVERSION = YES;
				CLANG_WARN_OBJC_IMPLICIT_RETAIN_SELF = YES;
				CLANG_WARN_OBJC_LITERAL_CONVERSION = YES;
				CLANG_WARN_OBJC_ROOT_CLASS = YES_ERROR;
				CLANG_WARN_QUOTED_INCLUDE_IN_FRAMEWORK_HEADER = YES;
				CLANG_WARN_RANGE_LOOP_ANALYSIS = YES;
				CLANG_WARN_STRICT_PROTOTYPES = YES;
				CLANG_WARN_SUSPICIOUS_MOVE = YES;
				CLANG_WARN_UNGUARDED_AVAILABILITY = YES_AGGRESSIVE;
				CLANG_WARN_UNREACHABLE_CODE = YES;
				CLANG_WARN__DUPLICATE_METHOD_MATCH = YES;
				COPY_PHASE_STRIP = NO;
				DEBUG_INFORMATION_FORMAT = "dwarf-with-dsym";
				ENABLE_NS_ASSERTIONS = NO;
				ENABLE_STRICT_OBJC_MSGSEND = YES;
				GCC_C_LANGUAGE_STANDARD = gnu11;
				GCC_NO_COMMON_BLOCKS = YES;
				GCC_WARN_64_TO_32_BIT_CONVERSION = YES;
				GCC_WARN_ABOUT_RETURN_TYPE = YES_ERROR;
				GCC_WARN_UNDECLARED_SELECTOR = YES;
				GCC_WARN_UNINITIALIZED_AUTOS = YES_AGGRESSIVE;
				GCC_WARN_UNUSED_FUNCTION = YES;
				GCC_WARN_UNUSED_VARIABLE = YES;
				MACOSX_DEPLOYMENT_TARGET = 13.1;
				MTL_ENABLE_DEBUG_INFO = NO;
				MTL_FAST_MATH = YES;
				SDKROOT = macosx;
				SWIFT_COMPILATION_MODE = wholemodule;
				SWIFT_OPTIMIZATION_LEVEL = "-O";
			};
			name = Release;
		};
		C2571D12296C9580001BC130 /* Debug */ = {
			isa = XCBuildConfiguration;
			buildSettings = {
				ASSETCATALOG_COMPILER_APPICON_NAME = AppIcon;
				ASSETCATALOG_COMPILER_GLOBAL_ACCENT_COLOR_NAME = AccentColor;
				CODE_SIGN_ENTITLEMENTS = UpGood/UpGood.entitlements;
				CODE_SIGN_STYLE = Automatic;
				COMBINE_HIDPI_IMAGES = YES;
				CURRENT_PROJECT_VERSION = 1;
				DEVELOPMENT_ASSET_PATHS = "\"UpGood/Preview Content\"";
				DEVELOPMENT_TEAM = 4538W4A79B;
				ENABLE_HARDENED_RUNTIME = YES;
				ENABLE_PREVIEWS = YES;
				GENERATE_INFOPLIST_FILE = YES;
				INFOPLIST_KEY_LSApplicationCategoryType = "public.app-category.utilities";
				INFOPLIST_KEY_NSHumanReadableCopyright = "";
				LD_RUNPATH_SEARCH_PATHS = (
					"$(inherited)",
					"@executable_path/../Frameworks",
				);
				MACOSX_DEPLOYMENT_TARGET = 13.0;
				MARKETING_VERSION = 1.0;
				PRODUCT_BUNDLE_IDENTIFIER = com.aayush.opensource.UpGood;
				PRODUCT_NAME = "$(TARGET_NAME)";
				SWIFT_EMIT_LOC_STRINGS = YES;
				SWIFT_VERSION = 5.0;
			};
			name = Debug;
		};
		C2571D13296C9580001BC130 /* Release */ = {
			isa = XCBuildConfiguration;
			buildSettings = {
				ASSETCATALOG_COMPILER_APPICON_NAME = AppIcon;
				ASSETCATALOG_COMPILER_GLOBAL_ACCENT_COLOR_NAME = AccentColor;
				CODE_SIGN_ENTITLEMENTS = UpGood/UpGood.entitlements;
				CODE_SIGN_STYLE = Automatic;
				COMBINE_HIDPI_IMAGES = YES;
				CURRENT_PROJECT_VERSION = 1;
				DEVELOPMENT_ASSET_PATHS = "\"UpGood/Preview Content\"";
				DEVELOPMENT_TEAM = 4538W4A79B;
				ENABLE_HARDENED_RUNTIME = YES;
				ENABLE_PREVIEWS = YES;
				GENERATE_INFOPLIST_FILE = YES;
				INFOPLIST_KEY_LSApplicationCategoryType = "public.app-category.utilities";
				INFOPLIST_KEY_NSHumanReadableCopyright = "";
				LD_RUNPATH_SEARCH_PATHS = (
					"$(inherited)",
					"@executable_path/../Frameworks",
				);
				MACOSX_DEPLOYMENT_TARGET = 13.0;
				MARKETING_VERSION = 1.0;
				PRODUCT_BUNDLE_IDENTIFIER = com.aayush.opensource.UpGood;
				PRODUCT_NAME = "$(TARGET_NAME)";
				SWIFT_EMIT_LOC_STRINGS = YES;
				SWIFT_VERSION = 5.0;
			};
			name = Release;
		};
/* End XCBuildConfiguration section */

/* Begin XCConfigurationList section */
		C2571CFD296C9580001BC130 /* Build configuration list for PBXProject "UpGood" */ = {
			isa = XCConfigurationList;
			buildConfigurations = (
				C2571D0F296C9580001BC130 /* Debug */,
				C2571D10296C9580001BC130 /* Release */,
			);
			defaultConfigurationIsVisible = 0;
			defaultConfigurationName = Release;
		};
		C2571D11296C9580001BC130 /* Build configuration list for PBXNativeTarget "UpGood" */ = {
			isa = XCConfigurationList;
			buildConfigurations = (
				C2571D12296C9580001BC130 /* Debug */,
				C2571D13296C9580001BC130 /* Release */,
			);
			defaultConfigurationIsVisible = 0;
			defaultConfigurationName = Release;
		};
/* End XCConfigurationList section */
	};
	rootObject = C2571CFA296C9580001BC130 /* Project object */;
}
